
Microsoft Visual Studio Solution File, Format Version 12.00
# Visual Studio Version 16
VisualStudioVersion = 16.0.30804.86
MinimumVisualStudioVersion = 10.0.40219.1
Project("{FAE04EC0-301F-11D3-BF4B-00C04F79EFBC}") = "Pop_Mihai_Lab", "Pop_Mihai_Lab\Pop_Mihai_Lab.csproj", "{36C61636-574E-4927-A3F3-DC61082A78C5}"
EndProject
Global
	GlobalSection(SolutionConfigurationPlatforms) = preSolution
		Debug|Any CPU = Debug|Any CPU
		Release|Any CPU = Release|Any CPU
	EndGlobalSection
	GlobalSection(ProjectConfigurationPlatforms) = postSolution
		{36C61636-574E-4927-A3F3-DC61082A78C5}.Debug|Any CPU.ActiveCfg = Debug|Any CPU
		{36C61636-574E-4927-A3F3-DC61082A78C5}.Debug|Any CPU.Build.0 = Debug|Any CPU
		{36C61636-574E-4927-A3F3-DC61082A78C5}.Release|Any CPU.ActiveCfg = Release|Any CPU
		{36C61636-574E-4927-A3F3-DC61082A78C5}.Release|Any CPU.Build.0 = Release|Any CPU
	EndGlobalSection
	GlobalSection(SolutionProperties) = preSolution
		HideSolutionNode = FALSE
	EndGlobalSection
	GlobalSection(ExtensibilityGlobals) = postSolution
		SolutionGuid = {656026A5-861D-46B0-AB56-E74CB6B789A1}
	EndGlobalSection
EndGlobal
